
Microsoft Visual Studio Solution File, Format Version 12.00
# Visual Studio 15
Project("{FAE04EC0-301F-11D3-BF4B-00C04F79EFBC}") = "BlazorSvrAppWithClaims", "BlazorSvrAppWithClaims.csproj", "{DB78F0E3-DF49-408C-B93C-2777A5AC2145}"
EndProject
Global
	GlobalSection(SolutionConfigurationPlatforms) = preSolution
		Debug|Any CPU = Debug|Any CPU
		Release|Any CPU = Release|Any CPU
	EndGlobalSection
	GlobalSection(ProjectConfigurationPlatforms) = postSolution
		{DB78F0E3-DF49-408C-B93C-2777A5AC2145}.Debug|Any CPU.ActiveCfg = Debug|Any CPU
		{DB78F0E3-DF49-408C-B93C-2777A5AC2145}.Debug|Any CPU.Build.0 = Debug|Any CPU
		{DB78F0E3-DF49-408C-B93C-2777A5AC2145}.Release|Any CPU.ActiveCfg = Release|Any CPU
		{DB78F0E3-DF49-408C-B93C-2777A5AC2145}.Release|Any CPU.Build.0 = Release|Any CPU
	EndGlobalSection
EndGlobal
